
Microsoft Visual Studio Solution File, Format Version 12.00
# Visual Studio Version 17
VisualStudioVersion = 17.14.36327.8 d17.14
MinimumVisualStudioVersion = 10.0.40219.1
Project("{FAE04EC0-301F-11D3-BF4B-00C04F79EFBC}") = "Exercises-01_02", "Exercises-01_02\Exercises-01_02.csproj", "{5D1F67F1-9FC0-4965-A44A-5C0F4AD3E024}"
EndProject
Global
	GlobalSection(SolutionConfigurationPlatforms) = preSolution
		Debug|Any CPU = Debug|Any CPU
		Release|Any CPU = Release|Any CPU
	EndGlobalSection
	GlobalSection(ProjectConfigurationPlatforms) = postSolution
		{5D1F67F1-9FC0-4965-A44A-5C0F4AD3E024}.Debug|Any CPU.ActiveCfg = Debug|Any CPU
		{5D1F67F1-9FC0-4965-A44A-5C0F4AD3E024}.Debug|Any CPU.Build.0 = Debug|Any CPU
		{5D1F67F1-9FC0-4965-A44A-5C0F4AD3E024}.Release|Any CPU.ActiveCfg = Release|Any CPU
		{5D1F67F1-9FC0-4965-A44A-5C0F4AD3E024}.Release|Any CPU.Build.0 = Release|Any CPU
	EndGlobalSection
	GlobalSection(SolutionProperties) = preSolution
		HideSolutionNode = FALSE
	EndGlobalSection
	GlobalSection(ExtensibilityGlobals) = postSolution
		SolutionGuid = {4F5E9A4C-0897-4FFC-AE8E-7095617A0802}
	EndGlobalSection
EndGlobal
